// !$*UTF8*$!
{
	archiveVersion = 1;
	classes = {
	};
	objectVersion = 54;
	objects = {

/* Begin PBXBuildFile section */
		9912037F2570387A0097E93F /* xSpaceWeatherApp.swift in Sources */ = {isa = PBXBuildFile; fileRef = 9912037E2570387A0097E93F /* xSpaceWeatherApp.swift */; };
		991203812570387A0097E93F /* ContentView.swift in Sources */ = {isa = PBXBuildFile; fileRef = 991203802570387A0097E93F /* ContentView.swift */; };
		991203832570387A0097E93F /* Assets.xcassets in Resources */ = {isa = PBXBuildFile; fileRef = 991203822570387A0097E93F /* Assets.xcassets */; };
		991203862570387A0097E93F /* Preview Assets.xcassets in Resources */ = {isa = PBXBuildFile; fileRef = 991203852570387A0097E93F /* Preview Assets.xcassets */; };
		999120A2257E924B001C2B3E /* ButtonView.swift in Sources */ = {isa = PBXBuildFile; fileRef = 999120A1257E924B001C2B3E /* ButtonView.swift */; };
		999120A5257E9523001C2B3E /* NetworkManager.swift in Sources */ = {isa = PBXBuildFile; fileRef = 999120A4257E9523001C2B3E /* NetworkManager.swift */; };
		99F1B6132585324600D983CC /* SwiftUIExtensions.swift in Sources */ = {isa = PBXBuildFile; fileRef = 99F1B6122585324600D983CC /* SwiftUIExtensions.swift */; };
		99F3DD892582814200A115AA /* ImageView.swift in Sources */ = {isa = PBXBuildFile; fileRef = 99F3DD882582814200A115AA /* ImageView.swift */; };
/* End PBXBuildFile section */

/* Begin PBXFileReference section */
		9912037B2570387A0097E93F /* xSpaceWeather.app */ = {isa = PBXFileReference; explicitFileType = wrapper.application; includeInIndex = 0; path = xSpaceWeather.app; sourceTree = BUILT_PRODUCTS_DIR; };
		9912037E2570387A0097E93F /* xSpaceWeatherApp.swift */ = {isa = PBXFileReference; lastKnownFileType = sourcecode.swift; path = xSpaceWeatherApp.swift; sourceTree = "<group>"; };
		991203802570387A0097E93F /* ContentView.swift */ = {isa = PBXFileReference; lastKnownFileType = sourcecode.swift; path = ContentView.swift; sourceTree = "<group>"; };
		991203822570387A0097E93F /* Assets.xcassets */ = {isa = PBXFileReference; lastKnownFileType = folder.assetcatalog; path = Assets.xcassets; sourceTree = "<group>"; };
		991203852570387A0097E93F /* Preview Assets.xcassets */ = {isa = PBXFileReference; lastKnownFileType = folder.assetcatalog; path = "Preview Assets.xcassets"; sourceTree = "<group>"; };
		991203872570387A0097E93F /* Info.plist */ = {isa = PBXFileReference; lastKnownFileType = text.plist.xml; path = Info.plist; sourceTree = "<group>"; };
		991203882570387A0097E93F /* xSpaceWeather.entitlements */ = {isa = PBXFileReference; lastKnownFileType = text.plist.entitlements; path = xSpaceWeather.entitlements; sourceTree = "<group>"; };
		999120A1257E924B001C2B3E /* ButtonView.swift */ = {isa = PBXFileReference; lastKnownFileType = sourcecode.swift; path = ButtonView.swift; sourceTree = "<group>"; };
		999120A4257E9523001C2B3E /* NetworkManager.swift */ = {isa = PBXFileReference; lastKnownFileType = sourcecode.swift; path = NetworkManager.swift; sourceTree = "<group>"; };
		99F1B6122585324600D983CC /* SwiftUIExtensions.swift */ = {isa = PBXFileReference; lastKnownFileType = sourcecode.swift; path = SwiftUIExtensions.swift; sourceTree = "<group>"; };
		99F3DD882582814200A115AA /* ImageView.swift */ = {isa = PBXFileReference; lastKnownFileType = sourcecode.swift; path = ImageView.swift; sourceTree = "<group>"; };
/* End PBXFileReference section */

/* Begin PBXFrameworksBuildPhase section */
		991203782570387A0097E93F /* Frameworks */ = {
			isa = PBXFrameworksBuildPhase;
			buildActionMask = 2147483647;
			files = (
			);
			runOnlyForDeploymentPostprocessing = 0;
		};
/* End PBXFrameworksBuildPhase section */

/* Begin PBXGroup section */
		991203722570387A0097E93F = {
			isa = PBXGroup;
			children = (
				9912037D2570387A0097E93F /* xSpaceWeather */,
				9912037C2570387A0097E93F /* Products */,
			);
			sourceTree = "<group>";
		};
		9912037C2570387A0097E93F /* Products */ = {
			isa = PBXGroup;
			children = (
				9912037B2570387A0097E93F /* xSpaceWeather.app */,
			);
			name = Products;
			sourceTree = "<group>";
		};
		9912037D2570387A0097E93F /* xSpaceWeather */ = {
			isa = PBXGroup;
			children = (
				99F1B6112585322A00D983CC /* Extensions */,
				9912038F257038850097E93F /* Sources */,
				99F3DD862582810900A115AA /* Views */,
				9912037E2570387A0097E93F /* xSpaceWeatherApp.swift */,
				991203822570387A0097E93F /* Assets.xcassets */,
				991203872570387A0097E93F /* Info.plist */,
				991203882570387A0097E93F /* xSpaceWeather.entitlements */,
				991203842570387A0097E93F /* Preview Content */,
			);
			path = xSpaceWeather;
			sourceTree = "<group>";
		};
		991203842570387A0097E93F /* Preview Content */ = {
			isa = PBXGroup;
			children = (
				991203852570387A0097E93F /* Preview Assets.xcassets */,
			);
			path = "Preview Content";
			sourceTree = "<group>";
		};
		9912038F257038850097E93F /* Sources */ = {
			isa = PBXGroup;
			children = (
				999120A4257E9523001C2B3E /* NetworkManager.swift */,
			);
			path = Sources;
			sourceTree = "<group>";
		};
		99F1B6112585322A00D983CC /* Extensions */ = {
			isa = PBXGroup;
			children = (
				99F1B6122585324600D983CC /* SwiftUIExtensions.swift */,
			);
			path = Extensions;
			sourceTree = "<group>";
		};
		99F3DD862582810900A115AA /* Views */ = {
			isa = PBXGroup;
			children = (
				991203802570387A0097E93F /* ContentView.swift */,
				999120A1257E924B001C2B3E /* ButtonView.swift */,
				99F3DD882582814200A115AA /* ImageView.swift */,
			);
			path = Views;
			sourceTree = "<group>";
		};
/* End PBXGroup section */

/* Begin PBXNativeTarget section */
		9912037A2570387A0097E93F /* xSpaceWeather */ = {
			isa = PBXNativeTarget;
			buildConfigurationList = 9912038B2570387A0097E93F /* Build configuration list for PBXNativeTarget "xSpaceWeather" */;
			buildPhases = (
				991203772570387A0097E93F /* Sources */,
				991203782570387A0097E93F /* Frameworks */,
				991203792570387A0097E93F /* Resources */,
			);
			buildRules = (
			);
			dependencies = (
			);
			name = xSpaceWeather;
			packageProductDependencies = (
			);
			productName = xSpaceWeather;
			productReference = 9912037B2570387A0097E93F /* xSpaceWeather.app */;
			productType = "com.apple.product-type.application";
		};
/* End PBXNativeTarget section */

/* Begin PBXProject section */
		991203732570387A0097E93F /* Project object */ = {
			isa = PBXProject;
			attributes = {
				LastSwiftUpdateCheck = 1220;
				LastUpgradeCheck = 1220;
				TargetAttributes = {
					9912037A2570387A0097E93F = {
						CreatedOnToolsVersion = 12.2;
					};
				};
			};
			buildConfigurationList = 991203762570387A0097E93F /* Build configuration list for PBXProject "xSpaceWeather" */;
			compatibilityVersion = "Xcode 12.0";
			developmentRegion = en;
			hasScannedForEncodings = 0;
			knownRegions = (
				en,
				Base,
			);
			mainGroup = 991203722570387A0097E93F;
			packageReferences = (
			);
			productRefGroup = 9912037C2570387A0097E93F /* Products */;
			projectDirPath = "";
			projectRoot = "";
			targets = (
				9912037A2570387A0097E93F /* xSpaceWeather */,
			);
		};
/* End PBXProject section */

/* Begin PBXResourcesBuildPhase section */
		991203792570387A0097E93F /* Resources */ = {
			isa = PBXResourcesBuildPhase;
			buildActionMask = 2147483647;
			files = (
				991203862570387A0097E93F /* Preview Assets.xcassets in Resources */,
				991203832570387A0097E93F /* Assets.xcassets in Resources */,
			);
			runOnlyForDeploymentPostprocessing = 0;
		};
/* End PBXResourcesBuildPhase section */

/* Begin PBXSourcesBuildPhase section */
		991203772570387A0097E93F /* Sources */ = {
			isa = PBXSourcesBuildPhase;
			buildActionMask = 2147483647;
			files = (
				99F3DD892582814200A115AA /* ImageView.swift in Sources */,
				999120A5257E9523001C2B3E /* NetworkManager.swift in Sources */,
				991203812570387A0097E93F /* ContentView.swift in Sources */,
				99F1B6132585324600D983CC /* SwiftUIExtensions.swift in Sources */,
				9912037F2570387A0097E93F /* xSpaceWeatherApp.swift in Sources */,
				999120A2257E924B001C2B3E /* ButtonView.swift in Sources */,
			);
			runOnlyForDeploymentPostprocessing = 0;
		};
/* End PBXSourcesBuildPhase section */

/* Begin XCBuildConfiguration section */
		991203892570387A0097E93F /* Debug */ = {
			isa = XCBuildConfiguration;
			buildSettings = {
				ALWAYS_SEARCH_USER_PATHS = NO;
				CLANG_ANALYZER_NONNULL = YES;
				CLANG_ANALYZER_NUMBER_OBJECT_CONVERSION = YES_AGGRESSIVE;
				CLANG_CXX_LANGUAGE_STANDARD = "gnu++14";
				CLANG_CXX_LIBRARY = "libc++";
				CLANG_ENABLE_MODULES = YES;
				CLANG_ENABLE_OBJC_ARC = YES;
				CLANG_ENABLE_OBJC_WEAK = YES;
				CLANG_WARN_BLOCK_CAPTURE_AUTORELEASING = YES;
				CLANG_WARN_BOOL_CONVERSION = YES;
				CLANG_WARN_COMMA = YES;
				CLANG_WARN_CONSTANT_CONVERSION = YES;
				CLANG_WARN_DEPRECATED_OBJC_IMPLEMENTATIONS = YES;
				CLANG_WARN_DIRECT_OBJC_ISA_USAGE = YES_ERROR;
				CLANG_WARN_DOCUMENTATION_COMMENTS = YES;
				CLANG_WARN_EMPTY_BODY = YES;
				CLANG_WARN_ENUM_CONVERSION = YES;
				CLANG_WARN_INFINITE_RECURSION = YES;
				CLANG_WARN_INT_CONVERSION = YES;
				CLANG_WARN_NON_LITERAL_NULL_CONVERSION = YES;
				CLANG_WARN_OBJC_IMPLICIT_RETAIN_SELF = YES;
				CLANG_WARN_OBJC_LITERAL_CONVERSION = YES;
				CLANG_WARN_OBJC_ROOT_CLASS = YES_ERROR;
				CLANG_WARN_QUOTED_INCLUDE_IN_FRAMEWORK_HEADER = YES;
				CLANG_WARN_RANGE_LOOP_ANALYSIS = YES;
				CLANG_WARN_STRICT_PROTOTYPES = YES;
				CLANG_WARN_SUSPICIOUS_MOVE = YES;
				CLANG_WARN_UNGUARDED_AVAILABILITY = YES_AGGRESSIVE;
				CLANG_WARN_UNREACHABLE_CODE = YES;
				CLANG_WARN__DUPLICATE_METHOD_MATCH = YES;
				COPY_PHASE_STRIP = NO;
				DEBUG_INFORMATION_FORMAT = dwarf;
				ENABLE_STRICT_OBJC_MSGSEND = YES;
				ENABLE_TESTABILITY = YES;
				GCC_C_LANGUAGE_STANDARD = gnu11;
				GCC_DYNAMIC_NO_PIC = NO;
				GCC_NO_COMMON_BLOCKS = YES;
				GCC_OPTIMIZATION_LEVEL = 0;
				GCC_PREPROCESSOR_DEFINITIONS = (
					"DEBUG=1",
					"$(inherited)",
				);
				GCC_WARN_64_TO_32_BIT_CONVERSION = YES;
				GCC_WARN_ABOUT_RETURN_TYPE = YES_ERROR;
				GCC_WARN_UNDECLARED_SELECTOR = YES;
				GCC_WARN_UNINITIALIZED_AUTOS = YES_AGGRESSIVE;
				GCC_WARN_UNUSED_FUNCTION = YES;
				GCC_WARN_UNUSED_VARIABLE = YES;
				MACOSX_DEPLOYMENT_TARGET = 11.0;
				MTL_ENABLE_DEBUG_INFO = INCLUDE_SOURCE;
				MTL_FAST_MATH = YES;
				ONLY_ACTIVE_ARCH = YES;
				SDKROOT = macosx;
				SWIFT_ACTIVE_COMPILATION_CONDITIONS = DEBUG;
				SWIFT_OPTIMIZATION_LEVEL = "-Onone";
			};
			name = Debug;
		};
		9912038A2570387A0097E93F /* Release */ = {
			isa = XCBuildConfiguration;
			buildSettings = {
				ALWAYS_SEARCH_USER_PATHS = NO;
				CLANG_ANALYZER_NONNULL = YES;
				CLANG_ANALYZER_NUMBER_OBJECT_CONVERSION = YES_AGGRESSIVE;
				CLANG_CXX_LANGUAGE_STANDARD = "gnu++14";
				CLANG_CXX_LIBRARY = "libc++";
				CLANG_ENABLE_MODULES = YES;
				CLANG_ENABLE_OBJC_ARC = YES;
				CLANG_ENABLE_OBJC_WEAK = YES;
				CLANG_WARN_BLOCK_CAPTURE_AUTORELEASING = YES;
				CLANG_WARN_BOOL_CONVERSION = YES;
				CLANG_WARN_COMMA = YES;
				CLANG_WARN_CONSTANT_CONVERSION = YES;
				CLANG_WARN_DEPRECATED_OBJC_IMPLEMENTATIONS = YES;
				CLANG_WARN_DIRECT_OBJC_ISA_USAGE = YES_ERROR;
				CLANG_WARN_DOCUMENTATION_COMMENTS = YES;
				CLANG_WARN_EMPTY_BODY = YES;
				CLANG_WARN_ENUM_CONVERSION = YES;
				CLANG_WARN_INFINITE_RECURSION = YES;
				CLANG_WARN_INT_CONVERSION = YES;
				CLANG_WARN_NON_LITERAL_NULL_CONVERSION = YES;
				CLANG_WARN_OBJC_IMPLICIT_RETAIN_SELF = YES;
				CLANG_WARN_OBJC_LITERAL_CONVERSION = YES;
				CLANG_WARN_OBJC_ROOT_CLASS = YES_ERROR;
				CLANG_WARN_QUOTED_INCLUDE_IN_FRAMEWORK_HEADER = YES;
				CLANG_WARN_RANGE_LOOP_ANALYSIS = YES;
				CLANG_WARN_STRICT_PROTOTYPES = YES;
				CLANG_WARN_SUSPICIOUS_MOVE = YES;
				CLANG_WARN_UNGUARDED_AVAILABILITY = YES_AGGRESSIVE;
				CLANG_WARN_UNREACHABLE_CODE = YES;
				CLANG_WARN__DUPLICATE_METHOD_MATCH = YES;
				COPY_PHASE_STRIP = NO;
				DEBUG_INFORMATION_FORMAT = "dwarf-with-dsym";
				ENABLE_NS_ASSERTIONS = NO;
				ENABLE_STRICT_OBJC_MSGSEND = YES;
				GCC_C_LANGUAGE_STANDARD = gnu11;
				GCC_NO_COMMON_BLOCKS = YES;
				GCC_WARN_64_TO_32_BIT_CONVERSION = YES;
				GCC_WARN_ABOUT_RETURN_TYPE = YES_ERROR;
				GCC_WARN_UNDECLARED_SELECTOR = YES;
				GCC_WARN_UNINITIALIZED_AUTOS = YES_AGGRESSIVE;
				GCC_WARN_UNUSED_FUNCTION = YES;
				GCC_WARN_UNUSED_VARIABLE = YES;
				MACOSX_DEPLOYMENT_TARGET = 11.0;
				MTL_ENABLE_DEBUG_INFO = NO;
				MTL_FAST_MATH = YES;
				SDKROOT = macosx;
				SWIFT_COMPILATION_MODE = wholemodule;
				SWIFT_OPTIMIZATION_LEVEL = "-O";
			};
			name = Release;
		};
		9912038C2570387A0097E93F /* Debug */ = {
			isa = XCBuildConfiguration;
			buildSettings = {
				ASSETCATALOG_COMPILER_APPICON_NAME = AppIcon;
				ASSETCATALOG_COMPILER_GLOBAL_ACCENT_COLOR_NAME = AccentColor;
				CODE_SIGN_ENTITLEMENTS = xSpaceWeather/xSpaceWeather.entitlements;
				CODE_SIGN_STYLE = Automatic;
				COMBINE_HIDPI_IMAGES = YES;
				CURRENT_PROJECT_VERSION = 3;
				DEVELOPMENT_ASSET_PATHS = "\"xSpaceWeather/Preview Content\"";
				DEVELOPMENT_TEAM = JE278GX57V;
				ENABLE_HARDENED_RUNTIME = YES;
				ENABLE_PREVIEWS = YES;
				INFOPLIST_FILE = xSpaceWeather/Info.plist;
				LD_RUNPATH_SEARCH_PATHS = (
					"$(inherited)",
					"@executable_path/../Frameworks",
				);
				MACOSX_DEPLOYMENT_TARGET = 11.0;
				PRODUCT_BUNDLE_IDENTIFIER = com.w6op.xSpaceWeather;
				PRODUCT_NAME = "$(TARGET_NAME)";
				SWIFT_VERSION = 5.0;
			};
			name = Debug;
		};
		9912038D2570387A0097E93F /* Release */ = {
			isa = XCBuildConfiguration;
			buildSettings = {
				ASSETCATALOG_COMPILER_APPICON_NAME = AppIcon;
				ASSETCATALOG_COMPILER_GLOBAL_ACCENT_COLOR_NAME = AccentColor;
				CODE_SIGN_ENTITLEMENTS = xSpaceWeather/xSpaceWeather.entitlements;
				CODE_SIGN_STYLE = Automatic;
				COMBINE_HIDPI_IMAGES = YES;
				CURRENT_PROJECT_VERSION = 3;
				DEVELOPMENT_ASSET_PATHS = "\"xSpaceWeather/Preview Content\"";
				DEVELOPMENT_TEAM = JE278GX57V;
				ENABLE_HARDENED_RUNTIME = YES;
				ENABLE_PREVIEWS = YES;
				INFOPLIST_FILE = xSpaceWeather/Info.plist;
				LD_RUNPATH_SEARCH_PATHS = (
					"$(inherited)",
					"@executable_path/../Frameworks",
				);
				MACOSX_DEPLOYMENT_TARGET = 11.0;
				PRODUCT_BUNDLE_IDENTIFIER = com.w6op.xSpaceWeather;
				PRODUCT_NAME = "$(TARGET_NAME)";
				SWIFT_VERSION = 5.0;
			};
			name = Release;
		};
/* End XCBuildConfiguration section */

/* Begin XCConfigurationList section */
		991203762570387A0097E93F /* Build configuration list for PBXProject "xSpaceWeather" */ = {
			isa = XCConfigurationList;
			buildConfigurations = (
				991203892570387A0097E93F /* Debug */,
				9912038A2570387A0097E93F /* Release */,
			);
			defaultConfigurationIsVisible = 0;
			defaultConfigurationName = Release;
		};
		9912038B2570387A0097E93F /* Build configuration list for PBXNativeTarget "xSpaceWeather" */ = {
			isa = XCConfigurationList;
			buildConfigurations = (
				9912038C2570387A0097E93F /* Debug */,
				9912038D2570387A0097E93F /* Release */,
			);
			defaultConfigurationIsVisible = 0;
			defaultConfigurationName = Release;
		};
/* End XCConfigurationList section */
	};
	rootObject = 991203732570387A0097E93F /* Project object */;
}
